
Microsoft Visual Studio Solution File, Format Version 12.00
# Visual Studio Version 16
VisualStudioVersion = 16.0.32407.337
MinimumVisualStudioVersion = 10.0.40219.1
Project("{FAE04EC0-301F-11D3-BF4B-00C04F79EFBC}") = "sort_3numbers", "sort_3numbers.csproj", "{967A9C9E-D8AC-4CC4-A9FA-9661130CEF38}"
EndProject
Global
	GlobalSection(SolutionConfigurationPlatforms) = preSolution
		Debug|Any CPU = Debug|Any CPU
		Release|Any CPU = Release|Any CPU
	EndGlobalSection
	GlobalSection(ProjectConfigurationPlatforms) = postSolution
		{967A9C9E-D8AC-4CC4-A9FA-9661130CEF38}.Debug|Any CPU.ActiveCfg = Debug|Any CPU
		{967A9C9E-D8AC-4CC4-A9FA-9661130CEF38}.Debug|Any CPU.Build.0 = Debug|Any CPU
		{967A9C9E-D8AC-4CC4-A9FA-9661130CEF38}.Release|Any CPU.ActiveCfg = Release|Any CPU
		{967A9C9E-D8AC-4CC4-A9FA-9661130CEF38}.Release|Any CPU.Build.0 = Release|Any CPU
	EndGlobalSection
	GlobalSection(SolutionProperties) = preSolution
		HideSolutionNode = FALSE
	EndGlobalSection
	GlobalSection(ExtensibilityGlobals) = postSolution
		SolutionGuid = {E66CC736-5874-422F-A119-D5C0C12B3F82}
	EndGlobalSection
EndGlobal
